Microsoft Visual Studio Solution File, Format Version 10.00
# Visual Studio 2008
Project("{FAE04EC0-301F-11D3-BF4B-00C04F79EFBC}") = "Confuser", "Confuser\Confuser.csproj", "{680CB8F6-E3B8-443C-B61B-590361EA6E3D}"
EndProject
Project("{FAE04EC0-301F-11D3-BF4B-00C04F79EFBC}") = "Confuser.Core", "Confuser.Core\Confuser.Core.csproj", "{FAD246BD-65C2-4379-8B1F-59C1BA71B8E9}"
EndProject
Project("{2150E333-8FDC-42A3-9474-1A3956D46DE8}") = "References", "References", "{C9A26F20-A9E8-4EF0-846C-892F7A88FBE5}"
	ProjectSection(SolutionItems) = preProject
		References\NetPE.Core.dll = References\NetPE.Core.dll
	EndProjectSection
EndProject
Global
	GlobalSection(TeamFoundationVersionControl) = preSolution
		SccNumberOfProjects = 3
		SccEnterpriseProvider = {4CA58AB2-18FA-4F8D-95D4-32DDF27D184C}
		SccTeamFoundationServer = https://tfs09.codeplex.com/
		SccLocalPath0 = .
		SccProjectUniqueName1 = Confuser\\Confuser.csproj
		SccProjectName1 = Confuser
		SccLocalPath1 = Confuser
		SccProjectUniqueName2 = Confuser.Core\\Confuser.Core.csproj
		SccProjectName2 = Confuser.Core
		SccLocalPath2 = Confuser.Core
	EndGlobalSection
	GlobalSection(SolutionConfigurationPlatforms) = preSolution
		Debug - No System.dll|Any CPU = Debug - No System.dll|Any CPU
		Debug|Any CPU = Debug|Any CPU
		Release|Any CPU = Release|Any CPU
	EndGlobalSection
	GlobalSection(ProjectConfigurationPlatforms) = postSolution
		{680CB8F6-E3B8-443C-B61B-590361EA6E3D}.Debug - No System.dll|Any CPU.ActiveCfg = Debug|Any CPU
		{680CB8F6-E3B8-443C-B61B-590361EA6E3D}.Debug - No System.dll|Any CPU.Build.0 = Debug|Any CPU
		{680CB8F6-E3B8-443C-B61B-590361EA6E3D}.Debug|Any CPU.ActiveCfg = Debug|Any CPU
		{680CB8F6-E3B8-443C-B61B-590361EA6E3D}.Debug|Any CPU.Build.0 = Debug|Any CPU
		{680CB8F6-E3B8-443C-B61B-590361EA6E3D}.Release|Any CPU.ActiveCfg = Release|Any CPU
		{680CB8F6-E3B8-443C-B61B-590361EA6E3D}.Release|Any CPU.Build.0 = Release|Any CPU
		{FAD246BD-65C2-4379-8B1F-59C1BA71B8E9}.Debug - No System.dll|Any CPU.ActiveCfg = Debug|Any CPU
		{FAD246BD-65C2-4379-8B1F-59C1BA71B8E9}.Debug - No System.dll|Any CPU.Build.0 = Debug|Any CPU
		{FAD246BD-65C2-4379-8B1F-59C1BA71B8E9}.Debug|Any CPU.ActiveCfg = Debug|Any CPU
		{FAD246BD-65C2-4379-8B1F-59C1BA71B8E9}.Debug|Any CPU.Build.0 = Debug|Any CPU
		{FAD246BD-65C2-4379-8B1F-59C1BA71B8E9}.Release|Any CPU.ActiveCfg = Release|Any CPU
		{FAD246BD-65C2-4379-8B1F-59C1BA71B8E9}.Release|Any CPU.Build.0 = Release|Any CPU
	EndGlobalSection
	GlobalSection(SolutionProperties) = preSolution
		HideSolutionNode = FALSE
	EndGlobalSection
EndGlobal
